// !$*UTF8*$!
{
	archiveVersion = 1;
	classes = {
	};
	objectVersion = 56;
	objects = {

/* Begin PBXBuildFile section */
		9A03908729DFF871000793B4 /* RandomCharacterAppApp.swift in Sources */ = {isa = PBXBuildFile; fileRef = 9A03908629DFF871000793B4 /* RandomCharacterAppApp.swift */; };
		9A03908929DFF871000793B4 /* ContentView.swift in Sources */ = {isa = PBXBuildFile; fileRef = 9A03908829DFF871000793B4 /* ContentView.swift */; };
		9A03908B29DFF872000793B4 /* Assets.xcassets in Resources */ = {isa = PBXBuildFile; fileRef = 9A03908A29DFF872000793B4 /* Assets.xcassets */; };
		9A03908F29DFF872000793B4 /* Preview Assets.xcassets in Resources */ = {isa = PBXBuildFile; fileRef = 9A03908E29DFF872000793B4 /* Preview Assets.xcassets */; };
		9A0390B429DFFAC8000793B4 /* CombineMoya in Frameworks */ = {isa = PBXBuildFile; productRef = 9A0390B329DFFAC8000793B4 /* CombineMoya */; };
		9A0390B629DFFAC8000793B4 /* Moya in Frameworks */ = {isa = PBXBuildFile; productRef = 9A0390B529DFFAC8000793B4 /* Moya */; };
		9A0390B929DFFB07000793B4 /* RemoteCharacterServiceTests.swift in Sources */ = {isa = PBXBuildFile; fileRef = 9A0390B829DFFB07000793B4 /* RemoteCharacterServiceTests.swift */; };
		9A92FEE729E01BC600CB09BE /* CharacterTargetType.swift in Sources */ = {isa = PBXBuildFile; fileRef = 9A92FEE629E01BC600CB09BE /* CharacterTargetType.swift */; };
		9A92FEEA29E01C1400CB09BE /* RemoteCharacterService.swift in Sources */ = {isa = PBXBuildFile; fileRef = 9A92FEE929E01C1400CB09BE /* RemoteCharacterService.swift */; };
		9A92FEED29E01C3A00CB09BE /* Character.swift in Sources */ = {isa = PBXBuildFile; fileRef = 9A92FEEC29E01C3A00CB09BE /* Character.swift */; };
/* End PBXBuildFile section */

/* Begin PBXContainerItemProxy section */
		9A03909529DFF873000793B4 /* PBXContainerItemProxy */ = {
			isa = PBXContainerItemProxy;
			containerPortal = 9A03907B29DFF871000793B4 /* Project object */;
			proxyType = 1;
			remoteGlobalIDString = 9A03908229DFF871000793B4;
			remoteInfo = RandomCharacterApp;
		};
/* End PBXContainerItemProxy section */

/* Begin PBXFileReference section */
		9A03908329DFF871000793B4 /* RandomCharacterApp.app */ = {isa = PBXFileReference; explicitFileType = wrapper.application; includeInIndex = 0; path = RandomCharacterApp.app; sourceTree = BUILT_PRODUCTS_DIR; };
		9A03908629DFF871000793B4 /* RandomCharacterAppApp.swift */ = {isa = PBXFileReference; lastKnownFileType = sourcecode.swift; path = RandomCharacterAppApp.swift; sourceTree = "<group>"; };
		9A03908829DFF871000793B4 /* ContentView.swift */ = {isa = PBXFileReference; lastKnownFileType = sourcecode.swift; path = ContentView.swift; sourceTree = "<group>"; };
		9A03908A29DFF872000793B4 /* Assets.xcassets */ = {isa = PBXFileReference; lastKnownFileType = folder.assetcatalog; path = Assets.xcassets; sourceTree = "<group>"; };
		9A03908C29DFF872000793B4 /* RandomCharacterApp.entitlements */ = {isa = PBXFileReference; lastKnownFileType = text.plist.entitlements; path = RandomCharacterApp.entitlements; sourceTree = "<group>"; };
		9A03908E29DFF872000793B4 /* Preview Assets.xcassets */ = {isa = PBXFileReference; lastKnownFileType = folder.assetcatalog; path = "Preview Assets.xcassets"; sourceTree = "<group>"; };
		9A03909429DFF873000793B4 /* RandomCharacterAppTests.xctest */ = {isa = PBXFileReference; explicitFileType = wrapper.cfbundle; includeInIndex = 0; path = RandomCharacterAppTests.xctest; sourceTree = BUILT_PRODUCTS_DIR; };
		9A0390B129DFF947000793B4 /* RandomCharacterApp.xctestplan */ = {isa = PBXFileReference; lastKnownFileType = text; path = RandomCharacterApp.xctestplan; sourceTree = "<group>"; };
		9A0390B729DFFB06000793B4 /* RandomCharacterAppTests-Bridging-Header.h */ = {isa = PBXFileReference; lastKnownFileType = sourcecode.c.h; path = "RandomCharacterAppTests-Bridging-Header.h"; sourceTree = "<group>"; };
		9A0390B829DFFB07000793B4 /* RemoteCharacterServiceTests.swift */ = {isa = PBXFileReference; lastKnownFileType = sourcecode.swift; path = RemoteCharacterServiceTests.swift; sourceTree = "<group>"; };
		9A92FEE629E01BC600CB09BE /* CharacterTargetType.swift */ = {isa = PBXFileReference; lastKnownFileType = sourcecode.swift; path = CharacterTargetType.swift; sourceTree = "<group>"; };
		9A92FEE929E01C1400CB09BE /* RemoteCharacterService.swift */ = {isa = PBXFileReference; lastKnownFileType = sourcecode.swift; path = RemoteCharacterService.swift; sourceTree = "<group>"; };
		9A92FEEC29E01C3A00CB09BE /* Character.swift */ = {isa = PBXFileReference; lastKnownFileType = sourcecode.swift; path = Character.swift; sourceTree = "<group>"; };
/* End PBXFileReference section */

/* Begin PBXFrameworksBuildPhase section */
		9A03908029DFF871000793B4 /* Frameworks */ = {
			isa = PBXFrameworksBuildPhase;
			buildActionMask = 2147483647;
			files = (
				9A0390B629DFFAC8000793B4 /* Moya in Frameworks */,
				9A0390B429DFFAC8000793B4 /* CombineMoya in Frameworks */,
			);
			runOnlyForDeploymentPostprocessing = 0;
		};
		9A03909129DFF873000793B4 /* Frameworks */ = {
			isa = PBXFrameworksBuildPhase;
			buildActionMask = 2147483647;
			files = (
			);
			runOnlyForDeploymentPostprocessing = 0;
		};
/* End PBXFrameworksBuildPhase section */

/* Begin PBXGroup section */
		9A03907A29DFF871000793B4 = {
			isa = PBXGroup;
			children = (
				9A0390B129DFF947000793B4 /* RandomCharacterApp.xctestplan */,
				9A03908529DFF871000793B4 /* RandomCharacterApp */,
				9A03909729DFF873000793B4 /* RandomCharacterAppTests */,
				9A03908429DFF871000793B4 /* Products */,
			);
			sourceTree = "<group>";
		};
		9A03908429DFF871000793B4 /* Products */ = {
			isa = PBXGroup;
			children = (
				9A03908329DFF871000793B4 /* RandomCharacterApp.app */,
				9A03909429DFF873000793B4 /* RandomCharacterAppTests.xctest */,
			);
			name = Products;
			sourceTree = "<group>";
		};
		9A03908529DFF871000793B4 /* RandomCharacterApp */ = {
			isa = PBXGroup;
			children = (
				9A92FEE529E01BBA00CB09BE /* Networking */,
				9A92FEEB29E01C3000CB09BE /* Feature */,
				9A03908629DFF871000793B4 /* RandomCharacterAppApp.swift */,
				9A03908829DFF871000793B4 /* ContentView.swift */,
				9A03908A29DFF872000793B4 /* Assets.xcassets */,
				9A03908C29DFF872000793B4 /* RandomCharacterApp.entitlements */,
				9A03908D29DFF872000793B4 /* Preview Content */,
			);
			path = RandomCharacterApp;
			sourceTree = "<group>";
		};
		9A03908D29DFF872000793B4 /* Preview Content */ = {
			isa = PBXGroup;
			children = (
				9A03908E29DFF872000793B4 /* Preview Assets.xcassets */,
			);
			path = "Preview Content";
			sourceTree = "<group>";
		};
		9A03909729DFF873000793B4 /* RandomCharacterAppTests */ = {
			isa = PBXGroup;
			children = (
				9A0390B829DFFB07000793B4 /* RemoteCharacterServiceTests.swift */,
				9A0390B729DFFB06000793B4 /* RandomCharacterAppTests-Bridging-Header.h */,
			);
			path = RandomCharacterAppTests;
			sourceTree = "<group>";
		};
		9A92FEE529E01BBA00CB09BE /* Networking */ = {
			isa = PBXGroup;
			children = (
				9A92FEE629E01BC600CB09BE /* CharacterTargetType.swift */,
				9A92FEE929E01C1400CB09BE /* RemoteCharacterService.swift */,
			);
			path = Networking;
			sourceTree = "<group>";
		};
		9A92FEEB29E01C3000CB09BE /* Feature */ = {
			isa = PBXGroup;
			children = (
				9A92FEEC29E01C3A00CB09BE /* Character.swift */,
			);
			path = Feature;
			sourceTree = "<group>";
		};
/* End PBXGroup section */

/* Begin PBXNativeTarget section */
		9A03908229DFF871000793B4 /* RandomCharacterApp */ = {
			isa = PBXNativeTarget;
			buildConfigurationList = 9A0390A829DFF873000793B4 /* Build configuration list for PBXNativeTarget "RandomCharacterApp" */;
			buildPhases = (
				9A03907F29DFF871000793B4 /* Sources */,
				9A03908029DFF871000793B4 /* Frameworks */,
				9A03908129DFF871000793B4 /* Resources */,
			);
			buildRules = (
			);
			dependencies = (
			);
			name = RandomCharacterApp;
			packageProductDependencies = (
				9A0390B329DFFAC8000793B4 /* CombineMoya */,
				9A0390B529DFFAC8000793B4 /* Moya */,
			);
			productName = RandomCharacterApp;
			productReference = 9A03908329DFF871000793B4 /* RandomCharacterApp.app */;
			productType = "com.apple.product-type.application";
		};
		9A03909329DFF873000793B4 /* RandomCharacterAppTests */ = {
			isa = PBXNativeTarget;
			buildConfigurationList = 9A0390AB29DFF873000793B4 /* Build configuration list for PBXNativeTarget "RandomCharacterAppTests" */;
			buildPhases = (
				9A03909029DFF873000793B4 /* Sources */,
				9A03909129DFF873000793B4 /* Frameworks */,
				9A03909229DFF873000793B4 /* Resources */,
			);
			buildRules = (
			);
			dependencies = (
				9A03909629DFF873000793B4 /* PBXTargetDependency */,
			);
			name = RandomCharacterAppTests;
			productName = RandomCharacterAppTests;
			productReference = 9A03909429DFF873000793B4 /* RandomCharacterAppTests.xctest */;
			productType = "com.apple.product-type.bundle.unit-test";
		};
/* End PBXNativeTarget section */

/* Begin PBXProject section */
		9A03907B29DFF871000793B4 /* Project object */ = {
			isa = PBXProject;
			attributes = {
				BuildIndependentTargetsInParallel = 1;
				LastSwiftUpdateCheck = 1430;
				LastUpgradeCheck = 1430;
				TargetAttributes = {
					9A03908229DFF871000793B4 = {
						CreatedOnToolsVersion = 14.3;
					};
					9A03909329DFF873000793B4 = {
						CreatedOnToolsVersion = 14.3;
						LastSwiftMigration = 1430;
						TestTargetID = 9A03908229DFF871000793B4;
					};
				};
			};
			buildConfigurationList = 9A03907E29DFF871000793B4 /* Build configuration list for PBXProject "RandomCharacterApp" */;
			compatibilityVersion = "Xcode 14.0";
			developmentRegion = en;
			hasScannedForEncodings = 0;
			knownRegions = (
				en,
				Base,
			);
			mainGroup = 9A03907A29DFF871000793B4;
			packageReferences = (
				9A0390B229DFFAC8000793B4 /* XCRemoteSwiftPackageReference "Moya" */,
			);
			productRefGroup = 9A03908429DFF871000793B4 /* Products */;
			projectDirPath = "";
			projectRoot = "";
			targets = (
				9A03908229DFF871000793B4 /* RandomCharacterApp */,
				9A03909329DFF873000793B4 /* RandomCharacterAppTests */,
			);
		};
/* End PBXProject section */

/* Begin PBXResourcesBuildPhase section */
		9A03908129DFF871000793B4 /* Resources */ = {
			isa = PBXResourcesBuildPhase;
			buildActionMask = 2147483647;
			files = (
				9A03908F29DFF872000793B4 /* Preview Assets.xcassets in Resources */,
				9A03908B29DFF872000793B4 /* Assets.xcassets in Resources */,
			);
			runOnlyForDeploymentPostprocessing = 0;
		};
		9A03909229DFF873000793B4 /* Resources */ = {
			isa = PBXResourcesBuildPhase;
			buildActionMask = 2147483647;
			files = (
			);
			runOnlyForDeploymentPostprocessing = 0;
		};
/* End PBXResourcesBuildPhase section */

/* Begin PBXSourcesBuildPhase section */
		9A03907F29DFF871000793B4 /* Sources */ = {
			isa = PBXSourcesBuildPhase;
			buildActionMask = 2147483647;
			files = (
				9A03908929DFF871000793B4 /* ContentView.swift in Sources */,
				9A92FEEA29E01C1400CB09BE /* RemoteCharacterService.swift in Sources */,
				9A92FEED29E01C3A00CB09BE /* Character.swift in Sources */,
				9A92FEE729E01BC600CB09BE /* CharacterTargetType.swift in Sources */,
				9A03908729DFF871000793B4 /* RandomCharacterAppApp.swift in Sources */,
			);
			runOnlyForDeploymentPostprocessing = 0;
		};
		9A03909029DFF873000793B4 /* Sources */ = {
			isa = PBXSourcesBuildPhase;
			buildActionMask = 2147483647;
			files = (
				9A0390B929DFFB07000793B4 /* RemoteCharacterServiceTests.swift in Sources */,
			);
			runOnlyForDeploymentPostprocessing = 0;
		};
/* End PBXSourcesBuildPhase section */

/* Begin PBXTargetDependency section */
		9A03909629DFF873000793B4 /* PBXTargetDependency */ = {
			isa = PBXTargetDependency;
			target = 9A03908229DFF871000793B4 /* RandomCharacterApp */;
			targetProxy = 9A03909529DFF873000793B4 /* PBXContainerItemProxy */;
		};
/* End PBXTargetDependency section */

/* Begin XCBuildConfiguration section */
		9A0390A629DFF873000793B4 /* Debug */ = {
			isa = XCBuildConfiguration;
			buildSettings = {
				ALWAYS_SEARCH_USER_PATHS = NO;
				CLANG_ANALYZER_NONNULL = YES;
				CLANG_ANALYZER_NUMBER_OBJECT_CONVERSION = YES_AGGRESSIVE;
				CLANG_CXX_LANGUAGE_STANDARD = "gnu++20";
				CLANG_ENABLE_MODULES = YES;
				CLANG_ENABLE_OBJC_ARC = YES;
				CLANG_ENABLE_OBJC_WEAK = YES;
				CLANG_WARN_BLOCK_CAPTURE_AUTORELEASING = YES;
				CLANG_WARN_BOOL_CONVERSION = YES;
				CLANG_WARN_COMMA = YES;
				CLANG_WARN_CONSTANT_CONVERSION = YES;
				CLANG_WARN_DEPRECATED_OBJC_IMPLEMENTATIONS = YES;
				CLANG_WARN_DIRECT_OBJC_ISA_USAGE = YES_ERROR;
				CLANG_WARN_DOCUMENTATION_COMMENTS = YES;
				CLANG_WARN_EMPTY_BODY = YES;
				CLANG_WARN_ENUM_CONVERSION = YES;
				CLANG_WARN_INFINITE_RECURSION = YES;
				CLANG_WARN_INT_CONVERSION = YES;
				CLANG_WARN_NON_LITERAL_NULL_CONVERSION = YES;
				CLANG_WARN_OBJC_IMPLICIT_RETAIN_SELF = YES;
				CLANG_WARN_OBJC_LITERAL_CONVERSION = YES;
				CLANG_WARN_OBJC_ROOT_CLASS = YES_ERROR;
				CLANG_WARN_QUOTED_INCLUDE_IN_FRAMEWORK_HEADER = YES;
				CLANG_WARN_RANGE_LOOP_ANALYSIS = YES;
				CLANG_WARN_STRICT_PROTOTYPES = YES;
				CLANG_WARN_SUSPICIOUS_MOVE = YES;
				CLANG_WARN_UNGUARDED_AVAILABILITY = YES_AGGRESSIVE;
				CLANG_WARN_UNREACHABLE_CODE = YES;
				CLANG_WARN__DUPLICATE_METHOD_MATCH = YES;
				COPY_PHASE_STRIP = NO;
				DEBUG_INFORMATION_FORMAT = dwarf;
				ENABLE_STRICT_OBJC_MSGSEND = YES;
				ENABLE_TESTABILITY = YES;
				GCC_C_LANGUAGE_STANDARD = gnu11;
				GCC_DYNAMIC_NO_PIC = NO;
				GCC_NO_COMMON_BLOCKS = YES;
				GCC_OPTIMIZATION_LEVEL = 0;
				GCC_PREPROCESSOR_DEFINITIONS = (
					"DEBUG=1",
					"$(inherited)",
				);
				GCC_WARN_64_TO_32_BIT_CONVERSION = YES;
				GCC_WARN_ABOUT_RETURN_TYPE = YES_ERROR;
				GCC_WARN_UNDECLARED_SELECTOR = YES;
				GCC_WARN_UNINITIALIZED_AUTOS = YES_AGGRESSIVE;
				GCC_WARN_UNUSED_FUNCTION = YES;
				GCC_WARN_UNUSED_VARIABLE = YES;
				MTL_ENABLE_DEBUG_INFO = INCLUDE_SOURCE;
				MTL_FAST_MATH = YES;
				ONLY_ACTIVE_ARCH = YES;
				SWIFT_ACTIVE_COMPILATION_CONDITIONS = DEBUG;
				SWIFT_OPTIMIZATION_LEVEL = "-Onone";
			};
			name = Debug;
		};
		9A0390A729DFF873000793B4 /* Release */ = {
			isa = XCBuildConfiguration;
			buildSettings = {
				ALWAYS_SEARCH_USER_PATHS = NO;
				CLANG_ANALYZER_NONNULL = YES;
				CLANG_ANALYZER_NUMBER_OBJECT_CONVERSION = YES_AGGRESSIVE;
				CLANG_CXX_LANGUAGE_STANDARD = "gnu++20";
				CLANG_ENABLE_MODULES = YES;
				CLANG_ENABLE_OBJC_ARC = YES;
				CLANG_ENABLE_OBJC_WEAK = YES;
				CLANG_WARN_BLOCK_CAPTURE_AUTORELEASING = YES;
				CLANG_WARN_BOOL_CONVERSION = YES;
				CLANG_WARN_COMMA = YES;
				CLANG_WARN_CONSTANT_CONVERSION = YES;
				CLANG_WARN_DEPRECATED_OBJC_IMPLEMENTATIONS = YES;
				CLANG_WARN_DIRECT_OBJC_ISA_USAGE = YES_ERROR;
				CLANG_WARN_DOCUMENTATION_COMMENTS = YES;
				CLANG_WARN_EMPTY_BODY = YES;
				CLANG_WARN_ENUM_CONVERSION = YES;
				CLANG_WARN_INFINITE_RECURSION = YES;
				CLANG_WARN_INT_CONVERSION = YES;
				CLANG_WARN_NON_LITERAL_NULL_CONVERSION = YES;
				CLANG_WARN_OBJC_IMPLICIT_RETAIN_SELF = YES;
				CLANG_WARN_OBJC_LITERAL_CONVERSION = YES;
				CLANG_WARN_OBJC_ROOT_CLASS = YES_ERROR;
				CLANG_WARN_QUOTED_INCLUDE_IN_FRAMEWORK_HEADER = YES;
				CLANG_WARN_RANGE_LOOP_ANALYSIS = YES;
				CLANG_WARN_STRICT_PROTOTYPES = YES;
				CLANG_WARN_SUSPICIOUS_MOVE = YES;
				CLANG_WARN_UNGUARDED_AVAILABILITY = YES_AGGRESSIVE;
				CLANG_WARN_UNREACHABLE_CODE = YES;
				CLANG_WARN__DUPLICATE_METHOD_MATCH = YES;
				COPY_PHASE_STRIP = NO;
				DEBUG_INFORMATION_FORMAT = "dwarf-with-dsym";
				ENABLE_NS_ASSERTIONS = NO;
				ENABLE_STRICT_OBJC_MSGSEND = YES;
				GCC_C_LANGUAGE_STANDARD = gnu11;
				GCC_NO_COMMON_BLOCKS = YES;
				GCC_WARN_64_TO_32_BIT_CONVERSION = YES;
				GCC_WARN_ABOUT_RETURN_TYPE = YES_ERROR;
				GCC_WARN_UNDECLARED_SELECTOR = YES;
				GCC_WARN_UNINITIALIZED_AUTOS = YES_AGGRESSIVE;
				GCC_WARN_UNUSED_FUNCTION = YES;
				GCC_WARN_UNUSED_VARIABLE = YES;
				MTL_ENABLE_DEBUG_INFO = NO;
				MTL_FAST_MATH = YES;
				SWIFT_COMPILATION_MODE = wholemodule;
				SWIFT_OPTIMIZATION_LEVEL = "-O";
			};
			name = Release;
		};
		9A0390A929DFF873000793B4 /* Debug */ = {
			isa = XCBuildConfiguration;
			buildSettings = {
				ASSETCATALOG_COMPILER_APPICON_NAME = AppIcon;
				ASSETCATALOG_COMPILER_GLOBAL_ACCENT_COLOR_NAME = AccentColor;
				CODE_SIGN_ENTITLEMENTS = RandomCharacterApp/RandomCharacterApp.entitlements;
				CODE_SIGN_STYLE = Automatic;
				CURRENT_PROJECT_VERSION = 1;
				DEVELOPMENT_ASSET_PATHS = "\"RandomCharacterApp/Preview Content\"";
				ENABLE_PREVIEWS = YES;
				GENERATE_INFOPLIST_FILE = YES;
				"INFOPLIST_KEY_UIApplicationSceneManifest_Generation[sdk=iphoneos*]" = YES;
				"INFOPLIST_KEY_UIApplicationSceneManifest_Generation[sdk=iphonesimulator*]" = YES;
				"INFOPLIST_KEY_UIApplicationSupportsIndirectInputEvents[sdk=iphoneos*]" = YES;
				"INFOPLIST_KEY_UIApplicationSupportsIndirectInputEvents[sdk=iphonesimulator*]" = YES;
				"INFOPLIST_KEY_UILaunchScreen_Generation[sdk=iphoneos*]" = YES;
				"INFOPLIST_KEY_UILaunchScreen_Generation[sdk=iphonesimulator*]" = YES;
				"INFOPLIST_KEY_UIStatusBarStyle[sdk=iphoneos*]" = UIStatusBarStyleDefault;
				"INFOPLIST_KEY_UIStatusBarStyle[sdk=iphonesimulator*]" = UIStatusBarStyleDefault;
				INFOPLIST_KEY_UISupportedInterfaceOrientations_iPad = "UIInterfaceOrientationPortrait UIInterfaceOrientationPortraitUpsideDown UIInterfaceOrientationLandscapeLeft UIInterfaceOrientationLandscapeRight";
				INFOPLIST_KEY_UISupportedInterfaceOrientations_iPhone = "UIInterfaceOrientationPortrait UIInterfaceOrientationLandscapeLeft UIInterfaceOrientationLandscapeRight";
				IPHONEOS_DEPLOYMENT_TARGET = 16.4;
				LD_RUNPATH_SEARCH_PATHS = "@executable_path/Frameworks";
				"LD_RUNPATH_SEARCH_PATHS[sdk=macosx*]" = "@executable_path/../Frameworks";
				MACOSX_DEPLOYMENT_TARGET = 13.3;
				MARKETING_VERSION = 1.0;
				PRODUCT_BUNDLE_IDENTIFIER = arifinfrds.com.RandomCharacterApp;
				PRODUCT_NAME = "$(TARGET_NAME)";
				SDKROOT = auto;
				SUPPORTED_PLATFORMS = "iphoneos iphonesimulator macosx";
				SWIFT_EMIT_LOC_STRINGS = YES;
				SWIFT_VERSION = 5.0;
				TARGETED_DEVICE_FAMILY = "1,2";
			};
			name = Debug;
		};
		9A0390AA29DFF873000793B4 /* Release */ = {
			isa = XCBuildConfiguration;
			buildSettings = {
				ASSETCATALOG_COMPILER_APPICON_NAME = AppIcon;
				ASSETCATALOG_COMPILER_GLOBAL_ACCENT_COLOR_NAME = AccentColor;
				CODE_SIGN_ENTITLEMENTS = RandomCharacterApp/RandomCharacterApp.entitlements;
				CODE_SIGN_STYLE = Automatic;
				CURRENT_PROJECT_VERSION = 1;
				DEVELOPMENT_ASSET_PATHS = "\"RandomCharacterApp/Preview Content\"";
				ENABLE_PREVIEWS = YES;
				GENERATE_INFOPLIST_FILE = YES;
				"INFOPLIST_KEY_UIApplicationSceneManifest_Generation[sdk=iphoneos*]" = YES;
				"INFOPLIST_KEY_UIApplicationSceneManifest_Generation[sdk=iphonesimulator*]" = YES;
				"INFOPLIST_KEY_UIApplicationSupportsIndirectInputEvents[sdk=iphoneos*]" = YES;
				"INFOPLIST_KEY_UIApplicationSupportsIndirectInputEvents[sdk=iphonesimulator*]" = YES;
				"INFOPLIST_KEY_UILaunchScreen_Generation[sdk=iphoneos*]" = YES;
				"INFOPLIST_KEY_UILaunchScreen_Generation[sdk=iphonesimulator*]" = YES;
				"INFOPLIST_KEY_UIStatusBarStyle[sdk=iphoneos*]" = UIStatusBarStyleDefault;
				"INFOPLIST_KEY_UIStatusBarStyle[sdk=iphonesimulator*]" = UIStatusBarStyleDefault;
				INFOPLIST_KEY_UISupportedInterfaceOrientations_iPad = "UIInterfaceOrientationPortrait UIInterfaceOrientationPortraitUpsideDown UIInterfaceOrientationLandscapeLeft UIInterfaceOrientationLandscapeRight";
				INFOPLIST_KEY_UISupportedInterfaceOrientations_iPhone = "UIInterfaceOrientationPortrait UIInterfaceOrientationLandscapeLeft UIInterfaceOrientationLandscapeRight";
				IPHONEOS_DEPLOYMENT_TARGET = 16.4;
				LD_RUNPATH_SEARCH_PATHS = "@executable_path/Frameworks";
				"LD_RUNPATH_SEARCH_PATHS[sdk=macosx*]" = "@executable_path/../Frameworks";
				MACOSX_DEPLOYMENT_TARGET = 13.3;
				MARKETING_VERSION = 1.0;
				PRODUCT_BUNDLE_IDENTIFIER = arifinfrds.com.RandomCharacterApp;
				PRODUCT_NAME = "$(TARGET_NAME)";
				SDKROOT = auto;
				SUPPORTED_PLATFORMS = "iphoneos iphonesimulator macosx";
				SWIFT_EMIT_LOC_STRINGS = YES;
				SWIFT_VERSION = 5.0;
				TARGETED_DEVICE_FAMILY = "1,2";
			};
			name = Release;
		};
		9A0390AC29DFF873000793B4 /* Debug */ = {
			isa = XCBuildConfiguration;
			buildSettings = {
				ALWAYS_EMBED_SWIFT_STANDARD_LIBRARIES = YES;
				BUNDLE_LOADER = "$(TEST_HOST)";
				CLANG_ENABLE_MODULES = YES;
				CODE_SIGN_STYLE = Automatic;
				CURRENT_PROJECT_VERSION = 1;
				GENERATE_INFOPLIST_FILE = YES;
				IPHONEOS_DEPLOYMENT_TARGET = 16.4;
				MACOSX_DEPLOYMENT_TARGET = 13.3;
				MARKETING_VERSION = 1.0;
				PRODUCT_BUNDLE_IDENTIFIER = arifinfrds.com.RandomCharacterAppTests;
				PRODUCT_NAME = "$(TARGET_NAME)";
				SDKROOT = auto;
				SUPPORTED_PLATFORMS = "iphoneos iphonesimulator macosx";
				SWIFT_EMIT_LOC_STRINGS = NO;
				SWIFT_OBJC_BRIDGING_HEADER = "RandomCharacterAppTests/RandomCharacterAppTests-Bridging-Header.h";
				SWIFT_OPTIMIZATION_LEVEL = "-Onone";
				SWIFT_VERSION = 5.0;
				TARGETED_DEVICE_FAMILY = "1,2";
				TEST_HOST = "$(BUILT_PRODUCTS_DIR)/RandomCharacterApp.app/$(BUNDLE_EXECUTABLE_FOLDER_PATH)/RandomCharacterApp";
			};
			name = Debug;
		};
		9A0390AD29DFF873000793B4 /* Release */ = {
			isa = XCBuildConfiguration;
			buildSettings = {
				ALWAYS_EMBED_SWIFT_STANDARD_LIBRARIES = YES;
				BUNDLE_LOADER = "$(TEST_HOST)";
				CLANG_ENABLE_MODULES = YES;
				CODE_SIGN_STYLE = Automatic;
				CURRENT_PROJECT_VERSION = 1;
				GENERATE_INFOPLIST_FILE = YES;
				IPHONEOS_DEPLOYMENT_TARGET = 16.4;
				MACOSX_DEPLOYMENT_TARGET = 13.3;
				MARKETING_VERSION = 1.0;
				PRODUCT_BUNDLE_IDENTIFIER = arifinfrds.com.RandomCharacterAppTests;
				PRODUCT_NAME = "$(TARGET_NAME)";
				SDKROOT = auto;
				SUPPORTED_PLATFORMS = "iphoneos iphonesimulator macosx";
				SWIFT_EMIT_LOC_STRINGS = NO;
				SWIFT_OBJC_BRIDGING_HEADER = "RandomCharacterAppTests/RandomCharacterAppTests-Bridging-Header.h";
				SWIFT_VERSION = 5.0;
				TARGETED_DEVICE_FAMILY = "1,2";
				TEST_HOST = "$(BUILT_PRODUCTS_DIR)/RandomCharacterApp.app/$(BUNDLE_EXECUTABLE_FOLDER_PATH)/RandomCharacterApp";
			};
			name = Release;
		};
/* End XCBuildConfiguration section */

/* Begin XCConfigurationList section */
		9A03907E29DFF871000793B4 /* Build configuration list for PBXProject "RandomCharacterApp" */ = {
			isa = XCConfigurationList;
			buildConfigurations = (
				9A0390A629DFF873000793B4 /* Debug */,
				9A0390A729DFF873000793B4 /* Release */,
			);
			defaultConfigurationIsVisible = 0;
			defaultConfigurationName = Release;
		};
		9A0390A829DFF873000793B4 /* Build configuration list for PBXNativeTarget "RandomCharacterApp" */ = {
			isa = XCConfigurationList;
			buildConfigurations = (
				9A0390A929DFF873000793B4 /* Debug */,
				9A0390AA29DFF873000793B4 /* Release */,
			);
			defaultConfigurationIsVisible = 0;
			defaultConfigurationName = Release;
		};
		9A0390AB29DFF873000793B4 /* Build configuration list for PBXNativeTarget "RandomCharacterAppTests" */ = {
			isa = XCConfigurationList;
			buildConfigurations = (
				9A0390AC29DFF873000793B4 /* Debug */,
				9A0390AD29DFF873000793B4 /* Release */,
			);
			defaultConfigurationIsVisible = 0;
			defaultConfigurationName = Release;
		};
/* End XCConfigurationList section */

/* Begin XCRemoteSwiftPackageReference section */
		9A0390B229DFFAC8000793B4 /* XCRemoteSwiftPackageReference "Moya" */ = {
			isa = XCRemoteSwiftPackageReference;
			repositoryURL = "https://github.com/Moya/Moya.git";
			requirement = {
				kind = upToNextMajorVersion;
				minimumVersion = 15.0.0;
			};
		};
/* End XCRemoteSwiftPackageReference section */

/* Begin XCSwiftPackageProductDependency section */
		9A0390B329DFFAC8000793B4 /* CombineMoya */ = {
			isa = XCSwiftPackageProductDependency;
			package = 9A0390B229DFFAC8000793B4 /* XCRemoteSwiftPackageReference "Moya" */;
			productName = CombineMoya;
		};
		9A0390B529DFFAC8000793B4 /* Moya */ = {
			isa = XCSwiftPackageProductDependency;
			package = 9A0390B229DFFAC8000793B4 /* XCRemoteSwiftPackageReference "Moya" */;
			productName = Moya;
		};
/* End XCSwiftPackageProductDependency section */
	};
	rootObject = 9A03907B29DFF871000793B4 /* Project object */;
}
